
Microsoft Visual Studio Solution File, Format Version 12.00
# Visual Studio 2012
Project("{FAE04EC0-301F-11D3-BF4B-00C04F79EFBC}") = "EDM", "EDM\EDM.csproj", "{D70A29F3-AC2A-41C4-982D-B3DA01222C6A}"
EndProject
Project("{FAE04EC0-301F-11D3-BF4B-00C04F79EFBC}") = "01 Bank Maken", "..\EFOpgaven\Bank Maken\01 Bank Maken.csproj", "{05C58125-F6F9-4488-B7C1-E952023E931D}"
EndProject
Project("{FAE04EC0-301F-11D3-BF4B-00C04F79EFBC}") = "02 Klanten en hun rekeningen", "..\EFOpgaven\Klanten en hun rekeningen\02 Klanten en hun rekeningen.csproj", "{4AB95324-A060-4C54-8F4C-7C2CF08D33D4}"
EndProject
Project("{FAE04EC0-301F-11D3-BF4B-00C04F79EFBC}") = "03 Zichtrekening toevoegen", "Zichtrekening toevoegen\03 Zichtrekening toevoegen.csproj", "{DC69DB59-73F8-4712-AE45-2DA35447A5E7}"
EndProject
Project("{FAE04EC0-301F-11D3-BF4B-00C04F79EFBC}") = "04 Storten", "04 Storten\04 Storten.csproj", "{898E61AD-47E5-41E2-AACE-48A4F9F0FA7D}"
EndProject
Project("{FAE04EC0-301F-11D3-BF4B-00C04F79EFBC}") = "05 Klant verwijderen", "05 Klant verwijderen\05 Klant verwijderen.csproj", "{26424728-8B36-475A-8AAC-788F1DA3E00C}"
EndProject
Project("{FAE04EC0-301F-11D3-BF4B-00C04F79EFBC}") = "06 Overschrijven", "06 Overschrijven\06 Overschrijven.csproj", "{597AAEE3-ACE0-439D-A222-D92E3115EC02}"
EndProject
Project("{FAE04EC0-301F-11D3-BF4B-00C04F79EFBC}") = "07 Klant wijzigen", "07 Klant wijzigen\07 Klant wijzigen.csproj", "{787E13D3-F65A-4322-B90C-623E33D61564}"
EndProject
Project("{FAE04EC0-301F-11D3-BF4B-00C04F79EFBC}") = "08 Personeel", "08 Personeel\08 Personeel.csproj", "{9B22B7A7-3FDE-4DBE-9B46-7AED8D69A956}"
EndProject
Project("{FAE04EC0-301F-11D3-BF4B-00C04F79EFBC}") = "09 Zichtrekening- Spaarrekening", "09 Zichtrekening- Spaarrekening\09 Zichtrekening- Spaarrekening.csproj", "{1CD17638-97C7-412D-BCBF-EF02C5BCB0A3}"
EndProject
Project("{FAE04EC0-301F-11D3-BF4B-00C04F79EFBC}") = "10 Totale saldo per klant", "10 Totale saldo per klant\10 Totale saldo per klant.csproj", "{05DCA5BC-3811-43DE-8BEA-FB3B7D73E453}"
EndProject
Project("{FAE04EC0-301F-11D3-BF4B-00C04F79EFBC}") = "11 Administratieve kost", "11 Administratieve kost\11 Administratieve kost.csproj", "{824F722C-F13B-43DD-A05D-FF03D96ECB29}"
EndProject
Project("{FAE04EC0-301F-11D3-BF4B-00C04F79EFBC}") = "CodeFirst", "CodeFirst\CodeFirst.csproj", "{C4129E3D-994F-418B-A072-428FABE39495}"
EndProject
Project("{FAE04EC0-301F-11D3-BF4B-00C04F79EFBC}") = "12 Code First", "12 Code First\12 Code First.csproj", "{1FD85320-0C0B-4451-AE1B-EADEB097A6C7}"
EndProject
Project("{FAE04EC0-301F-11D3-BF4B-00C04F79EFBC}") = "OpleidingenGemeenschappelijk", "OpleidingenGemeenschappelijk\OpleidingenGemeenschappelijk.csproj", "{625C73DE-5025-40C7-9F05-30B2204379B1}"
EndProject
Global
	GlobalSection(SolutionConfigurationPlatforms) = preSolution
		Debug|Any CPU = Debug|Any CPU
		Release|Any CPU = Release|Any CPU
	EndGlobalSection
	GlobalSection(ProjectConfigurationPlatforms) = postSolution
		{D70A29F3-AC2A-41C4-982D-B3DA01222C6A}.Debug|Any CPU.ActiveCfg = Debug|Any CPU
		{D70A29F3-AC2A-41C4-982D-B3DA01222C6A}.Debug|Any CPU.Build.0 = Debug|Any CPU
		{D70A29F3-AC2A-41C4-982D-B3DA01222C6A}.Release|Any CPU.ActiveCfg = Release|Any CPU
		{D70A29F3-AC2A-41C4-982D-B3DA01222C6A}.Release|Any CPU.Build.0 = Release|Any CPU
		{05C58125-F6F9-4488-B7C1-E952023E931D}.Debug|Any CPU.ActiveCfg = Debug|Any CPU
		{05C58125-F6F9-4488-B7C1-E952023E931D}.Debug|Any CPU.Build.0 = Debug|Any CPU
		{05C58125-F6F9-4488-B7C1-E952023E931D}.Release|Any CPU.ActiveCfg = Release|Any CPU
		{05C58125-F6F9-4488-B7C1-E952023E931D}.Release|Any CPU.Build.0 = Release|Any CPU
		{4AB95324-A060-4C54-8F4C-7C2CF08D33D4}.Debug|Any CPU.ActiveCfg = Debug|Any CPU
		{4AB95324-A060-4C54-8F4C-7C2CF08D33D4}.Debug|Any CPU.Build.0 = Debug|Any CPU
		{4AB95324-A060-4C54-8F4C-7C2CF08D33D4}.Release|Any CPU.ActiveCfg = Release|Any CPU
		{4AB95324-A060-4C54-8F4C-7C2CF08D33D4}.Release|Any CPU.Build.0 = Release|Any CPU
		{DC69DB59-73F8-4712-AE45-2DA35447A5E7}.Debug|Any CPU.ActiveCfg = Debug|Any CPU
		{DC69DB59-73F8-4712-AE45-2DA35447A5E7}.Debug|Any CPU.Build.0 = Debug|Any CPU
		{DC69DB59-73F8-4712-AE45-2DA35447A5E7}.Release|Any CPU.ActiveCfg = Release|Any CPU
		{DC69DB59-73F8-4712-AE45-2DA35447A5E7}.Release|Any CPU.Build.0 = Release|Any CPU
		{898E61AD-47E5-41E2-AACE-48A4F9F0FA7D}.Debug|Any CPU.ActiveCfg = Debug|Any CPU
		{898E61AD-47E5-41E2-AACE-48A4F9F0FA7D}.Debug|Any CPU.Build.0 = Debug|Any CPU
		{898E61AD-47E5-41E2-AACE-48A4F9F0FA7D}.Release|Any CPU.ActiveCfg = Release|Any CPU
		{898E61AD-47E5-41E2-AACE-48A4F9F0FA7D}.Release|Any CPU.Build.0 = Release|Any CPU
		{26424728-8B36-475A-8AAC-788F1DA3E00C}.Debug|Any CPU.ActiveCfg = Debug|Any CPU
		{26424728-8B36-475A-8AAC-788F1DA3E00C}.Debug|Any CPU.Build.0 = Debug|Any CPU
		{26424728-8B36-475A-8AAC-788F1DA3E00C}.Release|Any CPU.ActiveCfg = Release|Any CPU
		{26424728-8B36-475A-8AAC-788F1DA3E00C}.Release|Any CPU.Build.0 = Release|Any CPU
		{597AAEE3-ACE0-439D-A222-D92E3115EC02}.Debug|Any CPU.ActiveCfg = Debug|Any CPU
		{597AAEE3-ACE0-439D-A222-D92E3115EC02}.Debug|Any CPU.Build.0 = Debug|Any CPU
		{597AAEE3-ACE0-439D-A222-D92E3115EC02}.Release|Any CPU.ActiveCfg = Release|Any CPU
		{597AAEE3-ACE0-439D-A222-D92E3115EC02}.Release|Any CPU.Build.0 = Release|Any CPU
		{787E13D3-F65A-4322-B90C-623E33D61564}.Debug|Any CPU.ActiveCfg = Debug|Any CPU
		{787E13D3-F65A-4322-B90C-623E33D61564}.Debug|Any CPU.Build.0 = Debug|Any CPU
		{787E13D3-F65A-4322-B90C-623E33D61564}.Release|Any CPU.ActiveCfg = Release|Any CPU
		{787E13D3-F65A-4322-B90C-623E33D61564}.Release|Any CPU.Build.0 = Release|Any CPU
		{9B22B7A7-3FDE-4DBE-9B46-7AED8D69A956}.Debug|Any CPU.ActiveCfg = Debug|Any CPU
		{9B22B7A7-3FDE-4DBE-9B46-7AED8D69A956}.Debug|Any CPU.Build.0 = Debug|Any CPU
		{9B22B7A7-3FDE-4DBE-9B46-7AED8D69A956}.Release|Any CPU.ActiveCfg = Release|Any CPU
		{9B22B7A7-3FDE-4DBE-9B46-7AED8D69A956}.Release|Any CPU.Build.0 = Release|Any CPU
		{1CD17638-97C7-412D-BCBF-EF02C5BCB0A3}.Debug|Any CPU.ActiveCfg = Debug|Any CPU
		{1CD17638-97C7-412D-BCBF-EF02C5BCB0A3}.Debug|Any CPU.Build.0 = Debug|Any CPU
		{1CD17638-97C7-412D-BCBF-EF02C5BCB0A3}.Release|Any CPU.ActiveCfg = Release|Any CPU
		{1CD17638-97C7-412D-BCBF-EF02C5BCB0A3}.Release|Any CPU.Build.0 = Release|Any CPU
		{05DCA5BC-3811-43DE-8BEA-FB3B7D73E453}.Debug|Any CPU.ActiveCfg = Debug|Any CPU
		{05DCA5BC-3811-43DE-8BEA-FB3B7D73E453}.Debug|Any CPU.Build.0 = Debug|Any CPU
		{05DCA5BC-3811-43DE-8BEA-FB3B7D73E453}.Release|Any CPU.ActiveCfg = Release|Any CPU
		{05DCA5BC-3811-43DE-8BEA-FB3B7D73E453}.Release|Any CPU.Build.0 = Release|Any CPU
		{824F722C-F13B-43DD-A05D-FF03D96ECB29}.Debug|Any CPU.ActiveCfg = Debug|Any CPU
		{824F722C-F13B-43DD-A05D-FF03D96ECB29}.Debug|Any CPU.Build.0 = Debug|Any CPU
		{824F722C-F13B-43DD-A05D-FF03D96ECB29}.Release|Any CPU.ActiveCfg = Release|Any CPU
		{824F722C-F13B-43DD-A05D-FF03D96ECB29}.Release|Any CPU.Build.0 = Release|Any CPU
		{C4129E3D-994F-418B-A072-428FABE39495}.Debug|Any CPU.ActiveCfg = Debug|Any CPU
		{C4129E3D-994F-418B-A072-428FABE39495}.Debug|Any CPU.Build.0 = Debug|Any CPU
		{C4129E3D-994F-418B-A072-428FABE39495}.Release|Any CPU.ActiveCfg = Release|Any CPU
		{C4129E3D-994F-418B-A072-428FABE39495}.Release|Any CPU.Build.0 = Release|Any CPU
		{1FD85320-0C0B-4451-AE1B-EADEB097A6C7}.Debug|Any CPU.ActiveCfg = Debug|Any CPU
		{1FD85320-0C0B-4451-AE1B-EADEB097A6C7}.Debug|Any CPU.Build.0 = Debug|Any CPU
		{1FD85320-0C0B-4451-AE1B-EADEB097A6C7}.Release|Any CPU.ActiveCfg = Release|Any CPU
		{1FD85320-0C0B-4451-AE1B-EADEB097A6C7}.Release|Any CPU.Build.0 = Release|Any CPU
		{625C73DE-5025-40C7-9F05-30B2204379B1}.Debug|Any CPU.ActiveCfg = Debug|Any CPU
		{625C73DE-5025-40C7-9F05-30B2204379B1}.Debug|Any CPU.Build.0 = Debug|Any CPU
		{625C73DE-5025-40C7-9F05-30B2204379B1}.Release|Any CPU.ActiveCfg = Release|Any CPU
		{625C73DE-5025-40C7-9F05-30B2204379B1}.Release|Any CPU.Build.0 = Release|Any CPU
	EndGlobalSection
	GlobalSection(SolutionProperties) = preSolution
		HideSolutionNode = FALSE
	EndGlobalSection
EndGlobal
